
Microsoft Visual Studio Solution File, Format Version 12.00
# Visual Studio Version 16
VisualStudioVersion = 16.0.32002.261
MinimumVisualStudioVersion = 10.0.40219.1
Project("{FAE04EC0-301F-11D3-BF4B-00C04F79EFBC}") = "IntegradorSSW", "IntegradorSSW.csproj", "{90CF883A-0A47-42D8-9581-FBBBB4501266}"
EndProject
Project("{FAE04EC0-301F-11D3-BF4B-00C04F79EFBC}") = "DTO", "DTO\DTO.csproj", "{2DE2DABF-CA71-4EEF-B373-B95E3291F3D7}"
EndProject
Project("{FAE04EC0-301F-11D3-BF4B-00C04F79EFBC}") = "DAL", "DAL\DAL.csproj", "{CF0A2E50-1426-4888-9B82-BA2A9B3224E6}"
EndProject
Project("{FAE04EC0-301F-11D3-BF4B-00C04F79EFBC}") = "BLL", "BLL\BLL.csproj", "{04F86491-B7CB-4387-A341-6448B0F6D2A2}"
EndProject
Global
	GlobalSection(SolutionConfigurationPlatforms) = preSolution
		Debug|Any CPU = Debug|Any CPU
		Release|Any CPU = Release|Any CPU
	EndGlobalSection
	GlobalSection(ProjectConfigurationPlatforms) = postSolution
		{90CF883A-0A47-42D8-9581-FBBBB4501266}.Debug|Any CPU.ActiveCfg = Debug|Any CPU
		{90CF883A-0A47-42D8-9581-FBBBB4501266}.Debug|Any CPU.Build.0 = Debug|Any CPU
		{90CF883A-0A47-42D8-9581-FBBBB4501266}.Release|Any CPU.ActiveCfg = Release|Any CPU
		{90CF883A-0A47-42D8-9581-FBBBB4501266}.Release|Any CPU.Build.0 = Release|Any CPU
		{2DE2DABF-CA71-4EEF-B373-B95E3291F3D7}.Debug|Any CPU.ActiveCfg = Debug|Any CPU
		{2DE2DABF-CA71-4EEF-B373-B95E3291F3D7}.Debug|Any CPU.Build.0 = Debug|Any CPU
		{2DE2DABF-CA71-4EEF-B373-B95E3291F3D7}.Release|Any CPU.ActiveCfg = Release|Any CPU
		{2DE2DABF-CA71-4EEF-B373-B95E3291F3D7}.Release|Any CPU.Build.0 = Release|Any CPU
		{CF0A2E50-1426-4888-9B82-BA2A9B3224E6}.Debug|Any CPU.ActiveCfg = Debug|Any CPU
		{CF0A2E50-1426-4888-9B82-BA2A9B3224E6}.Debug|Any CPU.Build.0 = Debug|Any CPU
		{CF0A2E50-1426-4888-9B82-BA2A9B3224E6}.Release|Any CPU.ActiveCfg = Release|Any CPU
		{CF0A2E50-1426-4888-9B82-BA2A9B3224E6}.Release|Any CPU.Build.0 = Release|Any CPU
		{04F86491-B7CB-4387-A341-6448B0F6D2A2}.Debug|Any CPU.ActiveCfg = Debug|Any CPU
		{04F86491-B7CB-4387-A341-6448B0F6D2A2}.Debug|Any CPU.Build.0 = Debug|Any CPU
		{04F86491-B7CB-4387-A341-6448B0F6D2A2}.Release|Any CPU.ActiveCfg = Release|Any CPU
		{04F86491-B7CB-4387-A341-6448B0F6D2A2}.Release|Any CPU.Build.0 = Release|Any CPU
	EndGlobalSection
	GlobalSection(SolutionProperties) = preSolution
		HideSolutionNode = FALSE
	EndGlobalSection
	GlobalSection(ExtensibilityGlobals) = postSolution
		SolutionGuid = {44FF5D6F-12C3-44E8-B68E-B8774AB3BFCC}
	EndGlobalSection
EndGlobal
